// !$*UTF8*$!
{
	archiveVersion = 1;
	classes = {
	};
	objectVersion = 56;
	objects = {

/* Begin PBXBuildFile section */
		110448222B84A1ED00BB7598 /* Threads_CloneApp.swift in Sources */ = {isa = PBXBuildFile; fileRef = 110448212B84A1ED00BB7598 /* Threads_CloneApp.swift */; };
		110448242B84A1ED00BB7598 /* ContentView.swift in Sources */ = {isa = PBXBuildFile; fileRef = 110448232B84A1ED00BB7598 /* ContentView.swift */; };
		110448262B84A1EE00BB7598 /* Assets.xcassets in Resources */ = {isa = PBXBuildFile; fileRef = 110448252B84A1EE00BB7598 /* Assets.xcassets */; };
		110448292B84A1EE00BB7598 /* Preview Assets.xcassets in Resources */ = {isa = PBXBuildFile; fileRef = 110448282B84A1EE00BB7598 /* Preview Assets.xcassets */; };
		1104483D2B84A42900BB7598 /* LoginView.swift in Sources */ = {isa = PBXBuildFile; fileRef = 1104483C2B84A42900BB7598 /* LoginView.swift */; };
		115B751C2B84C65800CE6717 /* FeedView.swift in Sources */ = {isa = PBXBuildFile; fileRef = 115B751B2B84C65800CE6717 /* FeedView.swift */; };
		115B75212B84C6E200CE6717 /* ActivityView.swift in Sources */ = {isa = PBXBuildFile; fileRef = 115B75202B84C6E200CE6717 /* ActivityView.swift */; };
		115B75252B84C71A00CE6717 /* ExploreView.swift in Sources */ = {isa = PBXBuildFile; fileRef = 115B75242B84C71A00CE6717 /* ExploreView.swift */; };
		115B75292B84C79D00CE6717 /* ProfileView.swift in Sources */ = {isa = PBXBuildFile; fileRef = 115B75282B84C79D00CE6717 /* ProfileView.swift */; };
		115B752D2B84C81600CE6717 /* CreateThreadView.swift in Sources */ = {isa = PBXBuildFile; fileRef = 115B752C2B84C81600CE6717 /* CreateThreadView.swift */; };
		115B752F2B84CB0700CE6717 /* ThreadCell.swift in Sources */ = {isa = PBXBuildFile; fileRef = 115B752E2B84CB0700CE6717 /* ThreadCell.swift */; };
		116D72B22B84DC2700AA68C1 /* CircularProfileImageView.swift in Sources */ = {isa = PBXBuildFile; fileRef = 116D72B12B84DC2700AA68C1 /* CircularProfileImageView.swift */; };
		116D72B42B84DCE600AA68C1 /* UserCell.swift in Sources */ = {isa = PBXBuildFile; fileRef = 116D72B32B84DCE600AA68C1 /* UserCell.swift */; };
		1195011D2B85153F00388D1F /* ProfileThreadFilter.swift in Sources */ = {isa = PBXBuildFile; fileRef = 1195011C2B85153F00388D1F /* ProfileThreadFilter.swift */; };
		11C3FC1C2B84ADAC00518703 /* RegistrationView.swift in Sources */ = {isa = PBXBuildFile; fileRef = 11C3FC1B2B84ADAC00518703 /* RegistrationView.swift */; };
		11C3FC1F2B84AFBB00518703 /* ThreadsTextFieldModifier.swift in Sources */ = {isa = PBXBuildFile; fileRef = 11C3FC1E2B84AFBB00518703 /* ThreadsTextFieldModifier.swift */; };
		11C3FC242B84B23B00518703 /* ThreadsTabView.swift in Sources */ = {isa = PBXBuildFile; fileRef = 11C3FC232B84B23B00518703 /* ThreadsTabView.swift */; };
		11F256B52B8DC81900323B18 /* EditProfileView.swift in Sources */ = {isa = PBXBuildFile; fileRef = 11F256B42B8DC81900323B18 /* EditProfileView.swift */; };
/* End PBXBuildFile section */

/* Begin PBXFileReference section */
		1104481E2B84A1ED00BB7598 /* Threads-Clone.app */ = {isa = PBXFileReference; explicitFileType = wrapper.application; includeInIndex = 0; path = "Threads-Clone.app"; sourceTree = BUILT_PRODUCTS_DIR; };
		110448212B84A1ED00BB7598 /* Threads_CloneApp.swift */ = {isa = PBXFileReference; lastKnownFileType = sourcecode.swift; path = Threads_CloneApp.swift; sourceTree = "<group>"; };
		110448232B84A1ED00BB7598 /* ContentView.swift */ = {isa = PBXFileReference; lastKnownFileType = sourcecode.swift; path = ContentView.swift; sourceTree = "<group>"; };
		110448252B84A1EE00BB7598 /* Assets.xcassets */ = {isa = PBXFileReference; lastKnownFileType = folder.assetcatalog; path = Assets.xcassets; sourceTree = "<group>"; };
		110448282B84A1EE00BB7598 /* Preview Assets.xcassets */ = {isa = PBXFileReference; lastKnownFileType = folder.assetcatalog; path = "Preview Assets.xcassets"; sourceTree = "<group>"; };
		1104483C2B84A42900BB7598 /* LoginView.swift */ = {isa = PBXFileReference; lastKnownFileType = sourcecode.swift; path = LoginView.swift; sourceTree = "<group>"; };
		115B751B2B84C65800CE6717 /* FeedView.swift */ = {isa = PBXFileReference; lastKnownFileType = sourcecode.swift; path = FeedView.swift; sourceTree = "<group>"; };
		115B75202B84C6E200CE6717 /* ActivityView.swift */ = {isa = PBXFileReference; lastKnownFileType = sourcecode.swift; path = ActivityView.swift; sourceTree = "<group>"; };
		115B75242B84C71A00CE6717 /* ExploreView.swift */ = {isa = PBXFileReference; lastKnownFileType = sourcecode.swift; path = ExploreView.swift; sourceTree = "<group>"; };
		115B75282B84C79D00CE6717 /* ProfileView.swift */ = {isa = PBXFileReference; lastKnownFileType = sourcecode.swift; path = ProfileView.swift; sourceTree = "<group>"; };
		115B752C2B84C81600CE6717 /* CreateThreadView.swift */ = {isa = PBXFileReference; lastKnownFileType = sourcecode.swift; path = CreateThreadView.swift; sourceTree = "<group>"; };
		115B752E2B84CB0700CE6717 /* ThreadCell.swift */ = {isa = PBXFileReference; lastKnownFileType = sourcecode.swift; path = ThreadCell.swift; sourceTree = "<group>"; };
		116D72B12B84DC2700AA68C1 /* CircularProfileImageView.swift */ = {isa = PBXFileReference; lastKnownFileType = sourcecode.swift; path = CircularProfileImageView.swift; sourceTree = "<group>"; };
		116D72B32B84DCE600AA68C1 /* UserCell.swift */ = {isa = PBXFileReference; lastKnownFileType = sourcecode.swift; path = UserCell.swift; sourceTree = "<group>"; };
		1195011C2B85153F00388D1F /* ProfileThreadFilter.swift */ = {isa = PBXFileReference; lastKnownFileType = sourcecode.swift; path = ProfileThreadFilter.swift; sourceTree = "<group>"; };
		11C3FC1B2B84ADAC00518703 /* RegistrationView.swift */ = {isa = PBXFileReference; lastKnownFileType = sourcecode.swift; path = RegistrationView.swift; sourceTree = "<group>"; };
		11C3FC1E2B84AFBB00518703 /* ThreadsTextFieldModifier.swift */ = {isa = PBXFileReference; lastKnownFileType = sourcecode.swift; path = ThreadsTextFieldModifier.swift; sourceTree = "<group>"; };
		11C3FC232B84B23B00518703 /* ThreadsTabView.swift */ = {isa = PBXFileReference; lastKnownFileType = sourcecode.swift; path = ThreadsTabView.swift; sourceTree = "<group>"; };
		11F256B42B8DC81900323B18 /* EditProfileView.swift */ = {isa = PBXFileReference; lastKnownFileType = sourcecode.swift; path = EditProfileView.swift; sourceTree = "<group>"; };
/* End PBXFileReference section */

/* Begin PBXFrameworksBuildPhase section */
		1104481B2B84A1ED00BB7598 /* Frameworks */ = {
			isa = PBXFrameworksBuildPhase;
			buildActionMask = 2147483647;
			files = (
			);
			runOnlyForDeploymentPostprocessing = 0;
		};
/* End PBXFrameworksBuildPhase section */

/* Begin PBXGroup section */
		110448152B84A1ED00BB7598 = {
			isa = PBXGroup;
			children = (
				110448202B84A1ED00BB7598 /* Threads-Clone */,
				1104481F2B84A1ED00BB7598 /* Products */,
			);
			sourceTree = "<group>";
		};
		1104481F2B84A1ED00BB7598 /* Products */ = {
			isa = PBXGroup;
			children = (
				1104481E2B84A1ED00BB7598 /* Threads-Clone.app */,
			);
			name = Products;
			sourceTree = "<group>";
		};
		110448202B84A1ED00BB7598 /* Threads-Clone */ = {
			isa = PBXGroup;
			children = (
				110448342B84A32900BB7598 /* App */,
				1104482F2B84A30800BB7598 /* Core */,
				110448352B84A37000BB7598 /* Extensions */,
				110448362B84A38900BB7598 /* Model */,
				110448372B84A39300BB7598 /* Services */,
				110448382B84A3A000BB7598 /* Utils */,
				110448252B84A1EE00BB7598 /* Assets.xcassets */,
				110448272B84A1EE00BB7598 /* Preview Content */,
			);
			path = "Threads-Clone";
			sourceTree = "<group>";
		};
		110448272B84A1EE00BB7598 /* Preview Content */ = {
			isa = PBXGroup;
			children = (
				110448282B84A1EE00BB7598 /* Preview Assets.xcassets */,
			);
			path = "Preview Content";
			sourceTree = "<group>";
		};
		1104482F2B84A30800BB7598 /* Core */ = {
			isa = PBXGroup;
			children = (
				115B751D2B84C6B800CE6717 /* Activity */,
				1104483A2B84A3C100BB7598 /* Authentication */,
				116D72B02B84DBD400AA68C1 /* Components */,
				115B75222B84C70000CE6717 /* Explore */,
				11C3FC252B84B5F900518703 /* Feed */,
				115B75262B84C78700CE6717 /* Profile */,
				110448392B84A3BC00BB7598 /* Root */,
				11C3FC202B84B1E200518703 /* TapBar */,
				115B752A2B84C7ED00CE6717 /* ThreadCreation */,
			);
			path = Core;
			sourceTree = "<group>";
		};
		110448342B84A32900BB7598 /* App */ = {
			isa = PBXGroup;
			children = (
				110448212B84A1ED00BB7598 /* Threads_CloneApp.swift */,
			);
			path = App;
			sourceTree = "<group>";
		};
		110448352B84A37000BB7598 /* Extensions */ = {
			isa = PBXGroup;
			children = (
			);
			path = Extensions;
			sourceTree = "<group>";
		};
		110448362B84A38900BB7598 /* Model */ = {
			isa = PBXGroup;
			children = (
			);
			path = Model;
			sourceTree = "<group>";
		};
		110448372B84A39300BB7598 /* Services */ = {
			isa = PBXGroup;
			children = (
			);
			path = Services;
			sourceTree = "<group>";
		};
		110448382B84A3A000BB7598 /* Utils */ = {
			isa = PBXGroup;
			children = (
				11C3FC1D2B84AF7900518703 /* ViewModifiers */,
			);
			path = Utils;
			sourceTree = "<group>";
		};
		110448392B84A3BC00BB7598 /* Root */ = {
			isa = PBXGroup;
			children = (
				110448232B84A1ED00BB7598 /* ContentView.swift */,
			);
			path = Root;
			sourceTree = "<group>";
		};
		1104483A2B84A3C100BB7598 /* Authentication */ = {
			isa = PBXGroup;
			children = (
				1104483B2B84A41400BB7598 /* View */,
			);
			path = Authentication;
			sourceTree = "<group>";
		};
		1104483B2B84A41400BB7598 /* View */ = {
			isa = PBXGroup;
			children = (
				1104483C2B84A42900BB7598 /* LoginView.swift */,
				11C3FC1B2B84ADAC00518703 /* RegistrationView.swift */,
			);
			path = View;
			sourceTree = "<group>";
		};
		115B751D2B84C6B800CE6717 /* Activity */ = {
			isa = PBXGroup;
			children = (
				115B751E2B84C6C100CE6717 /* View */,
			);
			path = Activity;
			sourceTree = "<group>";
		};
		115B751E2B84C6C100CE6717 /* View */ = {
			isa = PBXGroup;
			children = (
				115B75202B84C6E200CE6717 /* ActivityView.swift */,
			);
			path = View;
			sourceTree = "<group>";
		};
		115B75222B84C70000CE6717 /* Explore */ = {
			isa = PBXGroup;
			children = (
				115B75232B84C70D00CE6717 /* View */,
			);
			path = Explore;
			sourceTree = "<group>";
		};
		115B75232B84C70D00CE6717 /* View */ = {
			isa = PBXGroup;
			children = (
				115B75242B84C71A00CE6717 /* ExploreView.swift */,
			);
			path = View;
			sourceTree = "<group>";
		};
		115B75262B84C78700CE6717 /* Profile */ = {
			isa = PBXGroup;
			children = (
				11F256B22B8DC7D000323B18 /* EditProfile */,
				1195011B2B8514FB00388D1F /* Model */,
				115B75272B84C79100CE6717 /* View */,
			);
			path = Profile;
			sourceTree = "<group>";
		};
		115B75272B84C79100CE6717 /* View */ = {
			isa = PBXGroup;
			children = (
				115B75282B84C79D00CE6717 /* ProfileView.swift */,
			);
			path = View;
			sourceTree = "<group>";
		};
		115B752A2B84C7ED00CE6717 /* ThreadCreation */ = {
			isa = PBXGroup;
			children = (
				115B752B2B84C80400CE6717 /* View */,
			);
			path = ThreadCreation;
			sourceTree = "<group>";
		};
		115B752B2B84C80400CE6717 /* View */ = {
			isa = PBXGroup;
			children = (
				115B752C2B84C81600CE6717 /* CreateThreadView.swift */,
			);
			path = View;
			sourceTree = "<group>";
		};
		116D72B02B84DBD400AA68C1 /* Components */ = {
			isa = PBXGroup;
			children = (
				116D72B12B84DC2700AA68C1 /* CircularProfileImageView.swift */,
				116D72B32B84DCE600AA68C1 /* UserCell.swift */,
			);
			path = Components;
			sourceTree = "<group>";
		};
		1195011B2B8514FB00388D1F /* Model */ = {
			isa = PBXGroup;
			children = (
				1195011C2B85153F00388D1F /* ProfileThreadFilter.swift */,
			);
			path = Model;
			sourceTree = "<group>";
		};
		11C3FC1D2B84AF7900518703 /* ViewModifiers */ = {
			isa = PBXGroup;
			children = (
				11C3FC1E2B84AFBB00518703 /* ThreadsTextFieldModifier.swift */,
			);
			path = ViewModifiers;
			sourceTree = "<group>";
		};
		11C3FC202B84B1E200518703 /* TapBar */ = {
			isa = PBXGroup;
			children = (
				11C3FC232B84B23B00518703 /* ThreadsTabView.swift */,
			);
			path = TapBar;
			sourceTree = "<group>";
		};
		11C3FC252B84B5F900518703 /* Feed */ = {
			isa = PBXGroup;
			children = (
				11C3FC262B84B5FD00518703 /* View */,
			);
			path = Feed;
			sourceTree = "<group>";
		};
		11C3FC262B84B5FD00518703 /* View */ = {
			isa = PBXGroup;
			children = (
				115B751B2B84C65800CE6717 /* FeedView.swift */,
				115B752E2B84CB0700CE6717 /* ThreadCell.swift */,
			);
			path = View;
			sourceTree = "<group>";
		};
		11F256B22B8DC7D000323B18 /* EditProfile */ = {
			isa = PBXGroup;
			children = (
				11F256B32B8DC7F300323B18 /* View */,
			);
			path = EditProfile;
			sourceTree = "<group>";
		};
		11F256B32B8DC7F300323B18 /* View */ = {
			isa = PBXGroup;
			children = (
				11F256B42B8DC81900323B18 /* EditProfileView.swift */,
			);
			path = View;
			sourceTree = "<group>";
		};
/* End PBXGroup section */

/* Begin PBXNativeTarget section */
		1104481D2B84A1ED00BB7598 /* Threads-Clone */ = {
			isa = PBXNativeTarget;
			buildConfigurationList = 1104482C2B84A1EE00BB7598 /* Build configuration list for PBXNativeTarget "Threads-Clone" */;
			buildPhases = (
				1104481A2B84A1ED00BB7598 /* Sources */,
				1104481B2B84A1ED00BB7598 /* Frameworks */,
				1104481C2B84A1ED00BB7598 /* Resources */,
			);
			buildRules = (
			);
			dependencies = (
			);
			name = "Threads-Clone";
			productName = "Threads-Clone";
			productReference = 1104481E2B84A1ED00BB7598 /* Threads-Clone.app */;
			productType = "com.apple.product-type.application";
		};
/* End PBXNativeTarget section */

/* Begin PBXProject section */
		110448162B84A1ED00BB7598 /* Project object */ = {
			isa = PBXProject;
			attributes = {
				BuildIndependentTargetsInParallel = 1;
				LastSwiftUpdateCheck = 1520;
				LastUpgradeCheck = 1520;
				TargetAttributes = {
					1104481D2B84A1ED00BB7598 = {
						CreatedOnToolsVersion = 15.2;
					};
				};
			};
			buildConfigurationList = 110448192B84A1ED00BB7598 /* Build configuration list for PBXProject "Threads-Clone" */;
			compatibilityVersion = "Xcode 14.0";
			developmentRegion = en;
			hasScannedForEncodings = 0;
			knownRegions = (
				en,
				Base,
			);
			mainGroup = 110448152B84A1ED00BB7598;
			productRefGroup = 1104481F2B84A1ED00BB7598 /* Products */;
			projectDirPath = "";
			projectRoot = "";
			targets = (
				1104481D2B84A1ED00BB7598 /* Threads-Clone */,
			);
		};
/* End PBXProject section */

/* Begin PBXResourcesBuildPhase section */
		1104481C2B84A1ED00BB7598 /* Resources */ = {
			isa = PBXResourcesBuildPhase;
			buildActionMask = 2147483647;
			files = (
				110448292B84A1EE00BB7598 /* Preview Assets.xcassets in Resources */,
				110448262B84A1EE00BB7598 /* Assets.xcassets in Resources */,
			);
			runOnlyForDeploymentPostprocessing = 0;
		};
/* End PBXResourcesBuildPhase section */

/* Begin PBXSourcesBuildPhase section */
		1104481A2B84A1ED00BB7598 /* Sources */ = {
			isa = PBXSourcesBuildPhase;
			buildActionMask = 2147483647;
			files = (
				115B751C2B84C65800CE6717 /* FeedView.swift in Sources */,
				115B75252B84C71A00CE6717 /* ExploreView.swift in Sources */,
				11F256B52B8DC81900323B18 /* EditProfileView.swift in Sources */,
				115B75292B84C79D00CE6717 /* ProfileView.swift in Sources */,
				115B752F2B84CB0700CE6717 /* ThreadCell.swift in Sources */,
				1104483D2B84A42900BB7598 /* LoginView.swift in Sources */,
				116D72B22B84DC2700AA68C1 /* CircularProfileImageView.swift in Sources */,
				116D72B42B84DCE600AA68C1 /* UserCell.swift in Sources */,
				110448242B84A1ED00BB7598 /* ContentView.swift in Sources */,
				1195011D2B85153F00388D1F /* ProfileThreadFilter.swift in Sources */,
				11C3FC242B84B23B00518703 /* ThreadsTabView.swift in Sources */,
				115B752D2B84C81600CE6717 /* CreateThreadView.swift in Sources */,
				11C3FC1F2B84AFBB00518703 /* ThreadsTextFieldModifier.swift in Sources */,
				115B75212B84C6E200CE6717 /* ActivityView.swift in Sources */,
				110448222B84A1ED00BB7598 /* Threads_CloneApp.swift in Sources */,
				11C3FC1C2B84ADAC00518703 /* RegistrationView.swift in Sources */,
			);
			runOnlyForDeploymentPostprocessing = 0;
		};
/* End PBXSourcesBuildPhase section */

/* Begin XCBuildConfiguration section */
		1104482A2B84A1EE00BB7598 /* Debug */ = {
			isa = XCBuildConfiguration;
			buildSettings = {
				ALWAYS_SEARCH_USER_PATHS = NO;
				ASSETCATALOG_COMPILER_GENERATE_SWIFT_ASSET_SYMBOL_EXTENSIONS = YES;
				CLANG_ANALYZER_NONNULL = YES;
				CLANG_ANALYZER_NUMBER_OBJECT_CONVERSION = YES_AGGRESSIVE;
				CLANG_CXX_LANGUAGE_STANDARD = "gnu++20";
				CLANG_ENABLE_MODULES = YES;
				CLANG_ENABLE_OBJC_ARC = YES;
				CLANG_ENABLE_OBJC_WEAK = YES;
				CLANG_WARN_BLOCK_CAPTURE_AUTORELEASING = YES;
				CLANG_WARN_BOOL_CONVERSION = YES;
				CLANG_WARN_COMMA = YES;
				CLANG_WARN_CONSTANT_CONVERSION = YES;
				CLANG_WARN_DEPRECATED_OBJC_IMPLEMENTATIONS = YES;
				CLANG_WARN_DIRECT_OBJC_ISA_USAGE = YES_ERROR;
				CLANG_WARN_DOCUMENTATION_COMMENTS = YES;
				CLANG_WARN_EMPTY_BODY = YES;
				CLANG_WARN_ENUM_CONVERSION = YES;
				CLANG_WARN_INFINITE_RECURSION = YES;
				CLANG_WARN_INT_CONVERSION = YES;
				CLANG_WARN_NON_LITERAL_NULL_CONVERSION = YES;
				CLANG_WARN_OBJC_IMPLICIT_RETAIN_SELF = YES;
				CLANG_WARN_OBJC_LITERAL_CONVERSION = YES;
				CLANG_WARN_OBJC_ROOT_CLASS = YES_ERROR;
				CLANG_WARN_QUOTED_INCLUDE_IN_FRAMEWORK_HEADER = YES;
				CLANG_WARN_RANGE_LOOP_ANALYSIS = YES;
				CLANG_WARN_STRICT_PROTOTYPES = YES;
				CLANG_WARN_SUSPICIOUS_MOVE = YES;
				CLANG_WARN_UNGUARDED_AVAILABILITY = YES_AGGRESSIVE;
				CLANG_WARN_UNREACHABLE_CODE = YES;
				CLANG_WARN__DUPLICATE_METHOD_MATCH = YES;
				COPY_PHASE_STRIP = NO;
				DEBUG_INFORMATION_FORMAT = dwarf;
				ENABLE_STRICT_OBJC_MSGSEND = YES;
				ENABLE_TESTABILITY = YES;
				ENABLE_USER_SCRIPT_SANDBOXING = YES;
				GCC_C_LANGUAGE_STANDARD = gnu17;
				GCC_DYNAMIC_NO_PIC = NO;
				GCC_NO_COMMON_BLOCKS = YES;
				GCC_OPTIMIZATION_LEVEL = 0;
				GCC_PREPROCESSOR_DEFINITIONS = (
					"DEBUG=1",
					"$(inherited)",
				);
				GCC_WARN_64_TO_32_BIT_CONVERSION = YES;
				GCC_WARN_ABOUT_RETURN_TYPE = YES_ERROR;
				GCC_WARN_UNDECLARED_SELECTOR = YES;
				GCC_WARN_UNINITIALIZED_AUTOS = YES_AGGRESSIVE;
				GCC_WARN_UNUSED_FUNCTION = YES;
				GCC_WARN_UNUSED_VARIABLE = YES;
				IPHONEOS_DEPLOYMENT_TARGET = 17.2;
				LOCALIZATION_PREFERS_STRING_CATALOGS = YES;
				MTL_ENABLE_DEBUG_INFO = INCLUDE_SOURCE;
				MTL_FAST_MATH = YES;
				ONLY_ACTIVE_ARCH = YES;
				SDKROOT = iphoneos;
				SWIFT_ACTIVE_COMPILATION_CONDITIONS = "DEBUG $(inherited)";
				SWIFT_OPTIMIZATION_LEVEL = "-Onone";
			};
			name = Debug;
		};
		1104482B2B84A1EE00BB7598 /* Release */ = {
			isa = XCBuildConfiguration;
			buildSettings = {
				ALWAYS_SEARCH_USER_PATHS = NO;
				ASSETCATALOG_COMPILER_GENERATE_SWIFT_ASSET_SYMBOL_EXTENSIONS = YES;
				CLANG_ANALYZER_NONNULL = YES;
				CLANG_ANALYZER_NUMBER_OBJECT_CONVERSION = YES_AGGRESSIVE;
				CLANG_CXX_LANGUAGE_STANDARD = "gnu++20";
				CLANG_ENABLE_MODULES = YES;
				CLANG_ENABLE_OBJC_ARC = YES;
				CLANG_ENABLE_OBJC_WEAK = YES;
				CLANG_WARN_BLOCK_CAPTURE_AUTORELEASING = YES;
				CLANG_WARN_BOOL_CONVERSION = YES;
				CLANG_WARN_COMMA = YES;
				CLANG_WARN_CONSTANT_CONVERSION = YES;
				CLANG_WARN_DEPRECATED_OBJC_IMPLEMENTATIONS = YES;
				CLANG_WARN_DIRECT_OBJC_ISA_USAGE = YES_ERROR;
				CLANG_WARN_DOCUMENTATION_COMMENTS = YES;
				CLANG_WARN_EMPTY_BODY = YES;
				CLANG_WARN_ENUM_CONVERSION = YES;
				CLANG_WARN_INFINITE_RECURSION = YES;
				CLANG_WARN_INT_CONVERSION = YES;
				CLANG_WARN_NON_LITERAL_NULL_CONVERSION = YES;
				CLANG_WARN_OBJC_IMPLICIT_RETAIN_SELF = YES;
				CLANG_WARN_OBJC_LITERAL_CONVERSION = YES;
				CLANG_WARN_OBJC_ROOT_CLASS = YES_ERROR;
				CLANG_WARN_QUOTED_INCLUDE_IN_FRAMEWORK_HEADER = YES;
				CLANG_WARN_RANGE_LOOP_ANALYSIS = YES;
				CLANG_WARN_STRICT_PROTOTYPES = YES;
				CLANG_WARN_SUSPICIOUS_MOVE = YES;
				CLANG_WARN_UNGUARDED_AVAILABILITY = YES_AGGRESSIVE;
				CLANG_WARN_UNREACHABLE_CODE = YES;
				CLANG_WARN__DUPLICATE_METHOD_MATCH = YES;
				COPY_PHASE_STRIP = NO;
				DEBUG_INFORMATION_FORMAT = "dwarf-with-dsym";
				ENABLE_NS_ASSERTIONS = NO;
				ENABLE_STRICT_OBJC_MSGSEND = YES;
				ENABLE_USER_SCRIPT_SANDBOXING = YES;
				GCC_C_LANGUAGE_STANDARD = gnu17;
				GCC_NO_COMMON_BLOCKS = YES;
				GCC_WARN_64_TO_32_BIT_CONVERSION = YES;
				GCC_WARN_ABOUT_RETURN_TYPE = YES_ERROR;
				GCC_WARN_UNDECLARED_SELECTOR = YES;
				GCC_WARN_UNINITIALIZED_AUTOS = YES_AGGRESSIVE;
				GCC_WARN_UNUSED_FUNCTION = YES;
				GCC_WARN_UNUSED_VARIABLE = YES;
				IPHONEOS_DEPLOYMENT_TARGET = 17.2;
				LOCALIZATION_PREFERS_STRING_CATALOGS = YES;
				MTL_ENABLE_DEBUG_INFO = NO;
				MTL_FAST_MATH = YES;
				SDKROOT = iphoneos;
				SWIFT_COMPILATION_MODE = wholemodule;
				VALIDATE_PRODUCT = YES;
			};
			name = Release;
		};
		1104482D2B84A1EE00BB7598 /* Debug */ = {
			isa = XCBuildConfiguration;
			buildSettings = {
				ASSETCATALOG_COMPILER_APPICON_NAME = AppIcon;
				ASSETCATALOG_COMPILER_GLOBAL_ACCENT_COLOR_NAME = AccentColor;
				CODE_SIGN_STYLE = Automatic;
				CURRENT_PROJECT_VERSION = 1;
				DEVELOPMENT_ASSET_PATHS = "\"Threads-Clone/Preview Content\"";
				DEVELOPMENT_TEAM = BDWB2X2SVM;
				ENABLE_PREVIEWS = YES;
				GENERATE_INFOPLIST_FILE = YES;
				INFOPLIST_KEY_UIApplicationSceneManifest_Generation = YES;
				INFOPLIST_KEY_UIApplicationSupportsIndirectInputEvents = YES;
				INFOPLIST_KEY_UILaunchScreen_Generation = YES;
				INFOPLIST_KEY_UISupportedInterfaceOrientations_iPad = "UIInterfaceOrientationPortrait UIInterfaceOrientationPortraitUpsideDown UIInterfaceOrientationLandscapeLeft UIInterfaceOrientationLandscapeRight";
				INFOPLIST_KEY_UISupportedInterfaceOrientations_iPhone = "UIInterfaceOrientationPortrait UIInterfaceOrientationLandscapeLeft UIInterfaceOrientationLandscapeRight";
				LD_RUNPATH_SEARCH_PATHS = (
					"$(inherited)",
					"@executable_path/Frameworks",
				);
				MARKETING_VERSION = 1.0;
				PRODUCT_BUNDLE_IDENTIFIER = "Ind.Threads-Clone";
				PRODUCT_NAME = "$(TARGET_NAME)";
				SWIFT_EMIT_LOC_STRINGS = YES;
				SWIFT_VERSION = 5.0;
				TARGETED_DEVICE_FAMILY = "1,2";
			};
			name = Debug;
		};
		1104482E2B84A1EE00BB7598 /* Release */ = {
			isa = XCBuildConfiguration;
			buildSettings = {
				ASSETCATALOG_COMPILER_APPICON_NAME = AppIcon;
				ASSETCATALOG_COMPILER_GLOBAL_ACCENT_COLOR_NAME = AccentColor;
				CODE_SIGN_STYLE = Automatic;
				CURRENT_PROJECT_VERSION = 1;
				DEVELOPMENT_ASSET_PATHS = "\"Threads-Clone/Preview Content\"";
				DEVELOPMENT_TEAM = BDWB2X2SVM;
				ENABLE_PREVIEWS = YES;
				GENERATE_INFOPLIST_FILE = YES;
				INFOPLIST_KEY_UIApplicationSceneManifest_Generation = YES;
				INFOPLIST_KEY_UIApplicationSupportsIndirectInputEvents = YES;
				INFOPLIST_KEY_UILaunchScreen_Generation = YES;
				INFOPLIST_KEY_UISupportedInterfaceOrientations_iPad = "UIInterfaceOrientationPortrait UIInterfaceOrientationPortraitUpsideDown UIInterfaceOrientationLandscapeLeft UIInterfaceOrientationLandscapeRight";
				INFOPLIST_KEY_UISupportedInterfaceOrientations_iPhone = "UIInterfaceOrientationPortrait UIInterfaceOrientationLandscapeLeft UIInterfaceOrientationLandscapeRight";
				LD_RUNPATH_SEARCH_PATHS = (
					"$(inherited)",
					"@executable_path/Frameworks",
				);
				MARKETING_VERSION = 1.0;
				PRODUCT_BUNDLE_IDENTIFIER = "Ind.Threads-Clone";
				PRODUCT_NAME = "$(TARGET_NAME)";
				SWIFT_EMIT_LOC_STRINGS = YES;
				SWIFT_VERSION = 5.0;
				TARGETED_DEVICE_FAMILY = "1,2";
			};
			name = Release;
		};
/* End XCBuildConfiguration section */

/* Begin XCConfigurationList section */
		110448192B84A1ED00BB7598 /* Build configuration list for PBXProject "Threads-Clone" */ = {
			isa = XCConfigurationList;
			buildConfigurations = (
				1104482A2B84A1EE00BB7598 /* Debug */,
				1104482B2B84A1EE00BB7598 /* Release */,
			);
			defaultConfigurationIsVisible = 0;
			defaultConfigurationName = Release;
		};
		1104482C2B84A1EE00BB7598 /* Build configuration list for PBXNativeTarget "Threads-Clone" */ = {
			isa = XCConfigurationList;
			buildConfigurations = (
				1104482D2B84A1EE00BB7598 /* Debug */,
				1104482E2B84A1EE00BB7598 /* Release */,
			);
			defaultConfigurationIsVisible = 0;
			defaultConfigurationName = Release;
		};
/* End XCConfigurationList section */
	};
	rootObject = 110448162B84A1ED00BB7598 /* Project object */;
}
